
Microsoft Visual Studio Solution File, Format Version 12.00
# Visual Studio Version 17
VisualStudioVersion = 17.14.36623.8 d17.14
MinimumVisualStudioVersion = 10.0.40219.1
Project("{FAE04EC0-301F-11D3-BF4B-00C04F79EFBC}") = "Task 1", "Task 1\Task 1.csproj", "{90FF5339-6944-4DBE-B2D0-02BDE91DB51A}"
EndProject
Project("{2150E333-8FDC-42A3-9474-1A3956D46DE8}") = "Solution Items", "Solution Items", "{8EC462FD-D22E-90A8-E5CE-7E832BA40C5D}"
	ProjectSection(SolutionItems) = preProject
		.gitignore = .gitignore
	EndProjectSection
EndProject
Project("{FAE04EC0-301F-11D3-BF4B-00C04F79EFBC}") = "Task 2", "Task 2\Task 2.csproj", "{FCEB8908-A314-4488-9D1F-AF370B8FB9E0}"
EndProject
Project("{FAE04EC0-301F-11D3-BF4B-00C04F79EFBC}") = "Task 3", "Task 3\Task 3.csproj", "{799D5C9E-4314-4EA0-8A73-B4AC744D2867}"
EndProject
Project("{FAE04EC0-301F-11D3-BF4B-00C04F79EFBC}") = "Task 4", "Task 4\Task 4.csproj", "{80F74CDF-8157-4CDC-9FF9-125C5FB464BE}"
EndProject
Project("{FAE04EC0-301F-11D3-BF4B-00C04F79EFBC}") = "Task 5", "Task 5\Task 5.csproj", "{FCECED5A-11A6-476B-A4D4-DEB0F66CAF41}"
EndProject
Global
	GlobalSection(SolutionConfigurationPlatforms) = preSolution
		Debug|Any CPU = Debug|Any CPU
		Release|Any CPU = Release|Any CPU
	EndGlobalSection
	GlobalSection(ProjectConfigurationPlatforms) = postSolution
		{90FF5339-6944-4DBE-B2D0-02BDE91DB51A}.Debug|Any CPU.ActiveCfg = Debug|Any CPU
		{90FF5339-6944-4DBE-B2D0-02BDE91DB51A}.Debug|Any CPU.Build.0 = Debug|Any CPU
		{90FF5339-6944-4DBE-B2D0-02BDE91DB51A}.Release|Any CPU.ActiveCfg = Release|Any CPU
		{90FF5339-6944-4DBE-B2D0-02BDE91DB51A}.Release|Any CPU.Build.0 = Release|Any CPU
		{FCEB8908-A314-4488-9D1F-AF370B8FB9E0}.Debug|Any CPU.ActiveCfg = Debug|Any CPU
		{FCEB8908-A314-4488-9D1F-AF370B8FB9E0}.Debug|Any CPU.Build.0 = Debug|Any CPU
		{FCEB8908-A314-4488-9D1F-AF370B8FB9E0}.Release|Any CPU.ActiveCfg = Release|Any CPU
		{FCEB8908-A314-4488-9D1F-AF370B8FB9E0}.Release|Any CPU.Build.0 = Release|Any CPU
		{799D5C9E-4314-4EA0-8A73-B4AC744D2867}.Debug|Any CPU.ActiveCfg = Debug|Any CPU
		{799D5C9E-4314-4EA0-8A73-B4AC744D2867}.Debug|Any CPU.Build.0 = Debug|Any CPU
		{799D5C9E-4314-4EA0-8A73-B4AC744D2867}.Release|Any CPU.ActiveCfg = Release|Any CPU
		{799D5C9E-4314-4EA0-8A73-B4AC744D2867}.Release|Any CPU.Build.0 = Release|Any CPU
		{80F74CDF-8157-4CDC-9FF9-125C5FB464BE}.Debug|Any CPU.ActiveCfg = Debug|Any CPU
		{80F74CDF-8157-4CDC-9FF9-125C5FB464BE}.Debug|Any CPU.Build.0 = Debug|Any CPU
		{80F74CDF-8157-4CDC-9FF9-125C5FB464BE}.Release|Any CPU.ActiveCfg = Release|Any CPU
		{80F74CDF-8157-4CDC-9FF9-125C5FB464BE}.Release|Any CPU.Build.0 = Release|Any CPU
		{FCECED5A-11A6-476B-A4D4-DEB0F66CAF41}.Debug|Any CPU.ActiveCfg = Debug|Any CPU
		{FCECED5A-11A6-476B-A4D4-DEB0F66CAF41}.Debug|Any CPU.Build.0 = Debug|Any CPU
		{FCECED5A-11A6-476B-A4D4-DEB0F66CAF41}.Release|Any CPU.ActiveCfg = Release|Any CPU
		{FCECED5A-11A6-476B-A4D4-DEB0F66CAF41}.Release|Any CPU.Build.0 = Release|Any CPU
	EndGlobalSection
	GlobalSection(SolutionProperties) = preSolution
		HideSolutionNode = FALSE
	EndGlobalSection
	GlobalSection(ExtensibilityGlobals) = postSolution
		SolutionGuid = {A070714F-3A8C-4AF9-85B8-451604A23C34}
	EndGlobalSection
EndGlobal
